
Microsoft Visual Studio Solution File, Format Version 12.00
# Visual Studio Version 17
VisualStudioVersion = 17.3.32929.385
MinimumVisualStudioVersion = 10.0.40219.1
Project("{9A19103F-16F7-4668-BE54-9A1E7A4F7556}") = "RabbitMQ_Publisher", "RabbitMQ_Queue\RabbitMQ_Publisher.csproj", "{9667064E-071E-4302-8DA9-541E48FC6EA8}"
EndProject
Project("{9A19103F-16F7-4668-BE54-9A1E7A4F7556}") = "RabbitMQ_Listeners", "RabbitMQ_Listeners\RabbitMQ_Listeners.csproj", "{BEEC33B5-6A6E-402C-B2F0-EE9794DA6166}"
EndProject
Project("{9A19103F-16F7-4668-BE54-9A1E7A4F7556}") = "OnePublisher", "OnePublisher\OnePublisher.csproj", "{B2AF71E0-E5BD-4FEB-9F8D-5B82DC319E0F}"
EndProject
Project("{9A19103F-16F7-4668-BE54-9A1E7A4F7556}") = "MultipleListerner", "MultipleListerner\MultipleListerner.csproj", "{CBCAB305-2195-4837-A5E3-BE471D5A7542}"
EndProject
Project("{9A19103F-16F7-4668-BE54-9A1E7A4F7556}") = "ExistingSolution", "ExistingSolution\ExistingSolution.csproj", "{B2604A19-68A1-4CC6-B170-46CA31AE65FF}"
EndProject
Project("{FAE04EC0-301F-11D3-BF4B-00C04F79EFBC}") = "RabitMqTestingAPI", "RabitMqTestingAPI\RabitMqTestingAPI.csproj", "{B91B68AB-CD95-43D5-BC68-8369F8A6D60A}"
EndProject
Global
	GlobalSection(SolutionConfigurationPlatforms) = preSolution
		Debug|Any CPU = Debug|Any CPU
		Release|Any CPU = Release|Any CPU
	EndGlobalSection
	GlobalSection(ProjectConfigurationPlatforms) = postSolution
		{9667064E-071E-4302-8DA9-541E48FC6EA8}.Debug|Any CPU.ActiveCfg = Debug|Any CPU
		{9667064E-071E-4302-8DA9-541E48FC6EA8}.Debug|Any CPU.Build.0 = Debug|Any CPU
		{9667064E-071E-4302-8DA9-541E48FC6EA8}.Release|Any CPU.ActiveCfg = Release|Any CPU
		{9667064E-071E-4302-8DA9-541E48FC6EA8}.Release|Any CPU.Build.0 = Release|Any CPU
		{BEEC33B5-6A6E-402C-B2F0-EE9794DA6166}.Debug|Any CPU.ActiveCfg = Debug|Any CPU
		{BEEC33B5-6A6E-402C-B2F0-EE9794DA6166}.Debug|Any CPU.Build.0 = Debug|Any CPU
		{BEEC33B5-6A6E-402C-B2F0-EE9794DA6166}.Release|Any CPU.ActiveCfg = Release|Any CPU
		{BEEC33B5-6A6E-402C-B2F0-EE9794DA6166}.Release|Any CPU.Build.0 = Release|Any CPU
		{B2AF71E0-E5BD-4FEB-9F8D-5B82DC319E0F}.Debug|Any CPU.ActiveCfg = Debug|Any CPU
		{B2AF71E0-E5BD-4FEB-9F8D-5B82DC319E0F}.Debug|Any CPU.Build.0 = Debug|Any CPU
		{B2AF71E0-E5BD-4FEB-9F8D-5B82DC319E0F}.Release|Any CPU.ActiveCfg = Release|Any CPU
		{B2AF71E0-E5BD-4FEB-9F8D-5B82DC319E0F}.Release|Any CPU.Build.0 = Release|Any CPU
		{CBCAB305-2195-4837-A5E3-BE471D5A7542}.Debug|Any CPU.ActiveCfg = Debug|Any CPU
		{CBCAB305-2195-4837-A5E3-BE471D5A7542}.Debug|Any CPU.Build.0 = Debug|Any CPU
		{CBCAB305-2195-4837-A5E3-BE471D5A7542}.Release|Any CPU.ActiveCfg = Release|Any CPU
		{CBCAB305-2195-4837-A5E3-BE471D5A7542}.Release|Any CPU.Build.0 = Release|Any CPU
		{B2604A19-68A1-4CC6-B170-46CA31AE65FF}.Debug|Any CPU.ActiveCfg = Debug|Any CPU
		{B2604A19-68A1-4CC6-B170-46CA31AE65FF}.Debug|Any CPU.Build.0 = Debug|Any CPU
		{B2604A19-68A1-4CC6-B170-46CA31AE65FF}.Release|Any CPU.ActiveCfg = Release|Any CPU
		{B2604A19-68A1-4CC6-B170-46CA31AE65FF}.Release|Any CPU.Build.0 = Release|Any CPU
		{B91B68AB-CD95-43D5-BC68-8369F8A6D60A}.Debug|Any CPU.ActiveCfg = Debug|Any CPU
		{B91B68AB-CD95-43D5-BC68-8369F8A6D60A}.Debug|Any CPU.Build.0 = Debug|Any CPU
		{B91B68AB-CD95-43D5-BC68-8369F8A6D60A}.Release|Any CPU.ActiveCfg = Release|Any CPU
		{B91B68AB-CD95-43D5-BC68-8369F8A6D60A}.Release|Any CPU.Build.0 = Release|Any CPU
	EndGlobalSection
	GlobalSection(SolutionProperties) = preSolution
		HideSolutionNode = FALSE
	EndGlobalSection
	GlobalSection(ExtensibilityGlobals) = postSolution
		SolutionGuid = {C7EB760A-5D75-4D68-9FB1-DE0E58702C75}
	EndGlobalSection
EndGlobal
